
Microsoft Visual Studio Solution File, Format Version 12.00
# Visual Studio Version 17
VisualStudioVersion = 17.3.32804.467
MinimumVisualStudioVersion = 10.0.40219.1
Project("{FAE04EC0-301F-11D3-BF4B-00C04F79EFBC}") = "DC_Lab1", "DC_Lab1\DC_Lab1.csproj", "{DEACD2BB-FE83-4B27-A311-2FB73A703401}"
EndProject
Global
	GlobalSection(SolutionConfigurationPlatforms) = preSolution
		Debug|Any CPU = Debug|Any CPU
		Release|Any CPU = Release|Any CPU
	EndGlobalSection
	GlobalSection(ProjectConfigurationPlatforms) = postSolution
		{DEACD2BB-FE83-4B27-A311-2FB73A703401}.Debug|Any CPU.ActiveCfg = Debug|Any CPU
		{DEACD2BB-FE83-4B27-A311-2FB73A703401}.Debug|Any CPU.Build.0 = Debug|Any CPU
		{DEACD2BB-FE83-4B27-A311-2FB73A703401}.Release|Any CPU.ActiveCfg = Release|Any CPU
		{DEACD2BB-FE83-4B27-A311-2FB73A703401}.Release|Any CPU.Build.0 = Release|Any CPU
	EndGlobalSection
	GlobalSection(SolutionProperties) = preSolution
		HideSolutionNode = FALSE
	EndGlobalSection
	GlobalSection(ExtensibilityGlobals) = postSolution
		SolutionGuid = {8B3CCA12-548A-4097-BEB2-4AF7204CEF4C}
	EndGlobalSection
EndGlobal
